
Microsoft Visual Studio Solution File, Format Version 12.00
# Visual Studio Version 17
VisualStudioVersion = 17.8.34511.84
MinimumVisualStudioVersion = 10.0.40219.1
Project("{FAE04EC0-301F-11D3-BF4B-00C04F79EFBC}") = "GptTurboDemo", "GptTurboDemo.csproj", "{19A848E2-FC27-4E86-AC02-A50287F282F5}"
EndProject
Global
	GlobalSection(SolutionConfigurationPlatforms) = preSolution
		Debug|Any CPU = Debug|Any CPU
		Release|Any CPU = Release|Any CPU
	EndGlobalSection
	GlobalSection(ProjectConfigurationPlatforms) = postSolution
		{19A848E2-FC27-4E86-AC02-A50287F282F5}.Debug|Any CPU.ActiveCfg = Debug|Any CPU
		{19A848E2-FC27-4E86-AC02-A50287F282F5}.Debug|Any CPU.Build.0 = Debug|Any CPU
		{19A848E2-FC27-4E86-AC02-A50287F282F5}.Release|Any CPU.ActiveCfg = Release|Any CPU
		{19A848E2-FC27-4E86-AC02-A50287F282F5}.Release|Any CPU.Build.0 = Release|Any CPU
	EndGlobalSection
	GlobalSection(SolutionProperties) = preSolution
		HideSolutionNode = FALSE
	EndGlobalSection
	GlobalSection(ExtensibilityGlobals) = postSolution
		SolutionGuid = {7D03E0CF-66FE-4200-9CC8-01D5E1E1430E}
	EndGlobalSection
EndGlobal
